// !$*UTF8*$!
{
	archiveVersion = 1;
	classes = {
	};
	objectVersion = 46;
	objects = {

/* Begin PBXBuildFile section */
		241B726554C97932431BE4C2 /* Pods_StoreIt.framework in Frameworks */ = {isa = PBXBuildFile; fileRef = 2454C174D35A6508F9B22EE5 /* Pods_StoreIt.framework */; };
		8500F6DE1C970F1C00C69875 /* AppDelegate.swift in Sources */ = {isa = PBXBuildFile; fileRef = 8500F6DD1C970F1C00C69875 /* AppDelegate.swift */; };
		8500F6E01C970F1C00C69875 /* LoginView.swift in Sources */ = {isa = PBXBuildFile; fileRef = 8500F6DF1C970F1C00C69875 /* LoginView.swift */; };
		8500F6E31C970F1C00C69875 /* Main.storyboard in Resources */ = {isa = PBXBuildFile; fileRef = 8500F6E11C970F1C00C69875 /* Main.storyboard */; };
		8500F6E51C970F1C00C69875 /* Assets.xcassets in Resources */ = {isa = PBXBuildFile; fileRef = 8500F6E41C970F1C00C69875 /* Assets.xcassets */; };
		8500F6E81C970F1C00C69875 /* LaunchScreen.storyboard in Resources */ = {isa = PBXBuildFile; fileRef = 8500F6E61C970F1C00C69875 /* LaunchScreen.storyboard */; };
		8500F6F31C970F1C00C69875 /* StoreItTests.swift in Sources */ = {isa = PBXBuildFile; fileRef = 8500F6F21C970F1C00C69875 /* StoreItTests.swift */; };
		8500F6FE1C970F1C00C69875 /* StoreItUITests.swift in Sources */ = {isa = PBXBuildFile; fileRef = 8500F6FD1C970F1C00C69875 /* StoreItUITests.swift */; };
		8500F70C1C97103E00C69875 /* File.swift in Sources */ = {isa = PBXBuildFile; fileRef = 8500F70B1C97103E00C69875 /* File.swift */; };
		8500F70E1C97112800C69875 /* FileManager.swift in Sources */ = {isa = PBXBuildFile; fileRef = 8500F70D1C97112800C69875 /* FileManager.swift */; };
		8500F7111C972B0400C69875 /* NetworkManager.swift in Sources */ = {isa = PBXBuildFile; fileRef = 8500F7101C972B0400C69875 /* NetworkManager.swift */; };
		850831521CE7332200C11EB5 /* DirectoryCell.swift in Sources */ = {isa = PBXBuildFile; fileRef = 850831511CE7332200C11EB5 /* DirectoryCell.swift */; };
		850831541CE7358C00C11EB5 /* FileCell.swift in Sources */ = {isa = PBXBuildFile; fileRef = 850831531CE7358C00C11EB5 /* FileCell.swift */; };
		8531C2921CE670F50009B26A /* StoreItSynchDirectoryView.swift in Sources */ = {isa = PBXBuildFile; fileRef = 8531C2911CE670F50009B26A /* StoreItSynchDirectoryView.swift */; };
		853B29011CD8B33000742F8D /* WebSocketManager.swift in Sources */ = {isa = PBXBuildFile; fileRef = 853B29001CD8B33000742F8D /* WebSocketManager.swift */; };
		854E27E91CF5C795007DA015 /* AlertControllerManager.swift in Sources */ = {isa = PBXBuildFile; fileRef = 854E27E81CF5C795007DA015 /* AlertControllerManager.swift */; };
		855AFB2D1D15CAB4009B81D9 /* Command.swift in Sources */ = {isa = PBXBuildFile; fileRef = 855AFB2C1D15CAB4009B81D9 /* Command.swift */; };
		855AFB2F1D15CCC6009B81D9 /* CommandInfos.swift in Sources */ = {isa = PBXBuildFile; fileRef = 855AFB2E1D15CCC6009B81D9 /* CommandInfos.swift */; };
		855AFB311D15D081009B81D9 /* Response.swift in Sources */ = {isa = PBXBuildFile; fileRef = 855AFB301D15D081009B81D9 /* Response.swift */; };
		855AFB3C1D16D643009B81D9 /* Parameters.swift in Sources */ = {isa = PBXBuildFile; fileRef = 855AFB3B1D16D643009B81D9 /* Parameters.swift */; };
		856EAED61CDCC86E00F69148 /* 2017_logo_storeit.png in Resources */ = {isa = PBXBuildFile; fileRef = 856EAED51CDCC86E00F69148 /* 2017_logo_storeit.png */; };
		856EAED81CDD0B6D00F69148 /* AppDataManagers.swift in Sources */ = {isa = PBXBuildFile; fileRef = 856EAED71CDD0B6D00F69148 /* AppDataManagers.swift */; };
		85708E821D130ED5001B7415 /* ParametersView.swift in Sources */ = {isa = PBXBuildFile; fileRef = 85708E811D130ED5001B7415 /* ParametersView.swift */; };
		85708E841D1310EA001B7415 /* StoreItNavigationController.swift in Sources */ = {isa = PBXBuildFile; fileRef = 85708E831D1310EA001B7415 /* StoreItNavigationController.swift */; };
		85708E861D131D21001B7415 /* ProfileView.swift in Sources */ = {isa = PBXBuildFile; fileRef = 85708E851D131D21001B7415 /* ProfileView.swift */; };
		857987301CDCBE300062B8F8 /* OAuth2.swift in Sources */ = {isa = PBXBuildFile; fileRef = 8579872F1CDCBE300062B8F8 /* OAuth2.swift */; };
		857987321CDCBE4D0062B8F8 /* OAuth2Google.swift in Sources */ = {isa = PBXBuildFile; fileRef = 857987311CDCBE4D0062B8F8 /* OAuth2Google.swift */; };
		8596DF0C1CDBDC03008501BD /* ConnexionManager.swift in Sources */ = {isa = PBXBuildFile; fileRef = 8596DF0B1CDBDC03008501BD /* ConnexionManager.swift */; };
		85B154121D140D18003B62FE /* PListManager.swift in Sources */ = {isa = PBXBuildFile; fileRef = 85B154111D140D18003B62FE /* PListManager.swift */; };
		85BA025B1CEDBD7200A8FC6F /* NavigationManager.swift in Sources */ = {isa = PBXBuildFile; fileRef = 85BA025A1CEDBD7200A8FC6F /* NavigationManager.swift */; };
/* End PBXBuildFile section */

/* Begin PBXContainerItemProxy section */
		8500F6EF1C970F1C00C69875 /* PBXContainerItemProxy */ = {
			isa = PBXContainerItemProxy;
			containerPortal = 8500F6D21C970F1C00C69875 /* Project object */;
			proxyType = 1;
			remoteGlobalIDString = 8500F6D91C970F1C00C69875;
			remoteInfo = StoreIt;
		};
		8500F6FA1C970F1C00C69875 /* PBXContainerItemProxy */ = {
			isa = PBXContainerItemProxy;
			containerPortal = 8500F6D21C970F1C00C69875 /* Project object */;
			proxyType = 1;
			remoteGlobalIDString = 8500F6D91C970F1C00C69875;
			remoteInfo = StoreIt;
		};
/* End PBXContainerItemProxy section */

/* Begin PBXFileReference section */
		2454C174D35A6508F9B22EE5 /* Pods_StoreIt.framework */ = {isa = PBXFileReference; explicitFileType = wrapper.framework; includeInIndex = 0; path = Pods_StoreIt.framework; sourceTree = BUILT_PRODUCTS_DIR; };
		3B1C3B2D59B66914CB4AE770 /* Pods-StoreIt.debug.xcconfig */ = {isa = PBXFileReference; includeInIndex = 1; lastKnownFileType = text.xcconfig; name = "Pods-StoreIt.debug.xcconfig"; path = "Pods/Target Support Files/Pods-StoreIt/Pods-StoreIt.debug.xcconfig"; sourceTree = "<group>"; };
		4C64B7762EBB3D1DF812D4B8 /* Pods-StoreIt.release.xcconfig */ = {isa = PBXFileReference; includeInIndex = 1; lastKnownFileType = text.xcconfig; name = "Pods-StoreIt.release.xcconfig"; path = "Pods/Target Support Files/Pods-StoreIt/Pods-StoreIt.release.xcconfig"; sourceTree = "<group>"; };
		8500F6DA1C970F1C00C69875 /* StoreIt.app */ = {isa = PBXFileReference; explicitFileType = wrapper.application; includeInIndex = 0; path = StoreIt.app; sourceTree = BUILT_PRODUCTS_DIR; };
		8500F6DD1C970F1C00C69875 /* AppDelegate.swift */ = {isa = PBXFileReference; lastKnownFileType = sourcecode.swift; path = AppDelegate.swift; sourceTree = "<group>"; };
		8500F6DF1C970F1C00C69875 /* LoginView.swift */ = {isa = PBXFileReference; lastKnownFileType = sourcecode.swift; path = LoginView.swift; sourceTree = "<group>"; };
		8500F6E21C970F1C00C69875 /* Base */ = {isa = PBXFileReference; lastKnownFileType = file.storyboard; name = Base; path = Base.lproj/Main.storyboard; sourceTree = "<group>"; };
		8500F6E41C970F1C00C69875 /* Assets.xcassets */ = {isa = PBXFileReference; lastKnownFileType = folder.assetcatalog; path = Assets.xcassets; sourceTree = "<group>"; };
		8500F6E71C970F1C00C69875 /* Base */ = {isa = PBXFileReference; lastKnownFileType = file.storyboard; name = Base; path = Base.lproj/LaunchScreen.storyboard; sourceTree = "<group>"; };
		8500F6E91C970F1C00C69875 /* Info.plist */ = {isa = PBXFileReference; lastKnownFileType = text.plist.xml; path = Info.plist; sourceTree = "<group>"; };
		8500F6EE1C970F1C00C69875 /* StoreItTests.xctest */ = {isa = PBXFileReference; explicitFileType = wrapper.cfbundle; includeInIndex = 0; path = StoreItTests.xctest; sourceTree = BUILT_PRODUCTS_DIR; };
		8500F6F21C970F1C00C69875 /* StoreItTests.swift */ = {isa = PBXFileReference; lastKnownFileType = sourcecode.swift; path = StoreItTests.swift; sourceTree = "<group>"; };
		8500F6F41C970F1C00C69875 /* Info.plist */ = {isa = PBXFileReference; lastKnownFileType = text.plist.xml; path = Info.plist; sourceTree = "<group>"; };
		8500F6F91C970F1C00C69875 /* StoreItUITests.xctest */ = {isa = PBXFileReference; explicitFileType = wrapper.cfbundle; includeInIndex = 0; path = StoreItUITests.xctest; sourceTree = BUILT_PRODUCTS_DIR; };
		8500F6FD1C970F1C00C69875 /* StoreItUITests.swift */ = {isa = PBXFileReference; lastKnownFileType = sourcecode.swift; path = StoreItUITests.swift; sourceTree = "<group>"; };
		8500F6FF1C970F1C00C69875 /* Info.plist */ = {isa = PBXFileReference; lastKnownFileType = text.plist.xml; path = Info.plist; sourceTree = "<group>"; };
		8500F70B1C97103E00C69875 /* File.swift */ = {isa = PBXFileReference; fileEncoding = 4; lastKnownFileType = sourcecode.swift; path = File.swift; sourceTree = "<group>"; };
		8500F70D1C97112800C69875 /* FileManager.swift */ = {isa = PBXFileReference; fileEncoding = 4; lastKnownFileType = sourcecode.swift; path = FileManager.swift; sourceTree = "<group>"; };
		8500F7101C972B0400C69875 /* NetworkManager.swift */ = {isa = PBXFileReference; fileEncoding = 4; lastKnownFileType = sourcecode.swift; path = NetworkManager.swift; sourceTree = "<group>"; };
		850831511CE7332200C11EB5 /* DirectoryCell.swift */ = {isa = PBXFileReference; fileEncoding = 4; lastKnownFileType = sourcecode.swift; path = DirectoryCell.swift; sourceTree = "<group>"; };
		850831531CE7358C00C11EB5 /* FileCell.swift */ = {isa = PBXFileReference; fileEncoding = 4; lastKnownFileType = sourcecode.swift; path = FileCell.swift; sourceTree = "<group>"; };
		85220E6F1D12B1A000069573 /* Bridging-Header.h */ = {isa = PBXFileReference; lastKnownFileType = sourcecode.c.h; path = "Bridging-Header.h"; sourceTree = "<group>"; };
		8531C2911CE670F50009B26A /* StoreItSynchDirectoryView.swift */ = {isa = PBXFileReference; fileEncoding = 4; lastKnownFileType = sourcecode.swift; path = StoreItSynchDirectoryView.swift; sourceTree = "<group>"; };
		853B29001CD8B33000742F8D /* WebSocketManager.swift */ = {isa = PBXFileReference; fileEncoding = 4; lastKnownFileType = sourcecode.swift; path = WebSocketManager.swift; sourceTree = "<group>"; };
		854E27E81CF5C795007DA015 /* AlertControllerManager.swift */ = {isa = PBXFileReference; fileEncoding = 4; lastKnownFileType = sourcecode.swift; path = AlertControllerManager.swift; sourceTree = "<group>"; };
		855AFB2C1D15CAB4009B81D9 /* Command.swift */ = {isa = PBXFileReference; fileEncoding = 4; lastKnownFileType = sourcecode.swift; path = Command.swift; sourceTree = "<group>"; };
		855AFB2E1D15CCC6009B81D9 /* CommandInfos.swift */ = {isa = PBXFileReference; fileEncoding = 4; lastKnownFileType = sourcecode.swift; path = CommandInfos.swift; sourceTree = "<group>"; };
		855AFB301D15D081009B81D9 /* Response.swift */ = {isa = PBXFileReference; fileEncoding = 4; lastKnownFileType = sourcecode.swift; path = Response.swift; sourceTree = "<group>"; };
		855AFB3B1D16D643009B81D9 /* Parameters.swift */ = {isa = PBXFileReference; fileEncoding = 4; lastKnownFileType = sourcecode.swift; path = Parameters.swift; sourceTree = "<group>"; };
		856EAED51CDCC86E00F69148 /* 2017_logo_storeit.png */ = {isa = PBXFileReference; lastKnownFileType = image.png; path = 2017_logo_storeit.png; sourceTree = "<group>"; };
		856EAED71CDD0B6D00F69148 /* AppDataManagers.swift */ = {isa = PBXFileReference; fileEncoding = 4; lastKnownFileType = sourcecode.swift; path = AppDataManagers.swift; sourceTree = "<group>"; };
		85708E811D130ED5001B7415 /* ParametersView.swift */ = {isa = PBXFileReference; fileEncoding = 4; lastKnownFileType = sourcecode.swift; path = ParametersView.swift; sourceTree = "<group>"; };
		85708E831D1310EA001B7415 /* StoreItNavigationController.swift */ = {isa = PBXFileReference; fileEncoding = 4; lastKnownFileType = sourcecode.swift; path = StoreItNavigationController.swift; sourceTree = "<group>"; };
		85708E851D131D21001B7415 /* ProfileView.swift */ = {isa = PBXFileReference; fileEncoding = 4; lastKnownFileType = sourcecode.swift; path = ProfileView.swift; sourceTree = "<group>"; };
		8579872F1CDCBE300062B8F8 /* OAuth2.swift */ = {isa = PBXFileReference; fileEncoding = 4; lastKnownFileType = sourcecode.swift; path = OAuth2.swift; sourceTree = "<group>"; };
		857987311CDCBE4D0062B8F8 /* OAuth2Google.swift */ = {isa = PBXFileReference; fileEncoding = 4; lastKnownFileType = sourcecode.swift; path = OAuth2Google.swift; sourceTree = "<group>"; };
		8596DF0B1CDBDC03008501BD /* ConnexionManager.swift */ = {isa = PBXFileReference; fileEncoding = 4; lastKnownFileType = sourcecode.swift; path = ConnexionManager.swift; sourceTree = "<group>"; };
		85B154111D140D18003B62FE /* PListManager.swift */ = {isa = PBXFileReference; fileEncoding = 4; lastKnownFileType = sourcecode.swift; path = PListManager.swift; sourceTree = "<group>"; };
		85BA025A1CEDBD7200A8FC6F /* NavigationManager.swift */ = {isa = PBXFileReference; fileEncoding = 4; lastKnownFileType = sourcecode.swift; path = NavigationManager.swift; sourceTree = "<group>"; };
/* End PBXFileReference section */

/* Begin PBXFrameworksBuildPhase section */
		8500F6D71C970F1C00C69875 /* Frameworks */ = {
			isa = PBXFrameworksBuildPhase;
			buildActionMask = 2147483647;
			files = (
				241B726554C97932431BE4C2 /* Pods_StoreIt.framework in Frameworks */,
			);
			runOnlyForDeploymentPostprocessing = 0;
		};
		8500F6EB1C970F1C00C69875 /* Frameworks */ = {
			isa = PBXFrameworksBuildPhase;
			buildActionMask = 2147483647;
			files = (
			);
			runOnlyForDeploymentPostprocessing = 0;
		};
		8500F6F61C970F1C00C69875 /* Frameworks */ = {
			isa = PBXFrameworksBuildPhase;
			buildActionMask = 2147483647;
			files = (
			);
			runOnlyForDeploymentPostprocessing = 0;
		};
/* End PBXFrameworksBuildPhase section */

/* Begin PBXGroup section */
		0032228BD7B5DB5251D90335 /* Pods */ = {
			isa = PBXGroup;
			children = (
				3B1C3B2D59B66914CB4AE770 /* Pods-StoreIt.debug.xcconfig */,
				4C64B7762EBB3D1DF812D4B8 /* Pods-StoreIt.release.xcconfig */,
			);
			name = Pods;
			sourceTree = "<group>";
		};
		734FCD23F0830BD3F91C18D5 /* Frameworks */ = {
			isa = PBXGroup;
			children = (
				2454C174D35A6508F9B22EE5 /* Pods_StoreIt.framework */,
			);
			name = Frameworks;
			sourceTree = "<group>";
		};
		8500F6D11C970F1C00C69875 = {
			isa = PBXGroup;
			children = (
				85074AAB1CA1A76100047CB5 /* resources */,
				8500F6DC1C970F1C00C69875 /* StoreIt */,
				8500F6F11C970F1C00C69875 /* StoreItTests */,
				8500F6FC1C970F1C00C69875 /* StoreItUITests */,
				8500F6DB1C970F1C00C69875 /* Products */,
				0032228BD7B5DB5251D90335 /* Pods */,
				734FCD23F0830BD3F91C18D5 /* Frameworks */,
			);
			sourceTree = "<group>";
		};
		8500F6DB1C970F1C00C69875 /* Products */ = {
			isa = PBXGroup;
			children = (
				8500F6DA1C970F1C00C69875 /* StoreIt.app */,
				8500F6EE1C970F1C00C69875 /* StoreItTests.xctest */,
				8500F6F91C970F1C00C69875 /* StoreItUITests.xctest */,
			);
			name = Products;
			sourceTree = "<group>";
		};
		8500F6DC1C970F1C00C69875 /* StoreIt */ = {
			isa = PBXGroup;
			children = (
				8531C9D01CDA150E00351EF4 /* Views */,
				853AD0481C99A7E30036A7FF /* FileManagement */,
				853AD0471C99A7D60036A7FF /* Network */,
				8500F6DD1C970F1C00C69875 /* AppDelegate.swift */,
				8500F6E11C970F1C00C69875 /* Main.storyboard */,
				8500F6E41C970F1C00C69875 /* Assets.xcassets */,
				8500F6E61C970F1C00C69875 /* LaunchScreen.storyboard */,
				8500F6E91C970F1C00C69875 /* Info.plist */,
				856EAED71CDD0B6D00F69148 /* AppDataManagers.swift */,
				85220E6F1D12B1A000069573 /* Bridging-Header.h */,
			);
			path = StoreIt;
			sourceTree = "<group>";
		};
		8500F6F11C970F1C00C69875 /* StoreItTests */ = {
			isa = PBXGroup;
			children = (
				8500F6F21C970F1C00C69875 /* StoreItTests.swift */,
				8500F6F41C970F1C00C69875 /* Info.plist */,
			);
			path = StoreItTests;
			sourceTree = "<group>";
		};
		8500F6FC1C970F1C00C69875 /* StoreItUITests */ = {
			isa = PBXGroup;
			children = (
				8500F6FD1C970F1C00C69875 /* StoreItUITests.swift */,
				8500F6FF1C970F1C00C69875 /* Info.plist */,
			);
			path = StoreItUITests;
			sourceTree = "<group>";
		};
		85074AAB1CA1A76100047CB5 /* resources */ = {
			isa = PBXGroup;
			children = (
				85074AAC1CA1A77A00047CB5 /* img */,
			);
			name = resources;
			sourceTree = "<group>";
		};
		85074AAC1CA1A77A00047CB5 /* img */ = {
			isa = PBXGroup;
			children = (
				856EAED51CDCC86E00F69148 /* 2017_logo_storeit.png */,
			);
			name = img;
			sourceTree = "<group>";
		};
		8531C9D01CDA150E00351EF4 /* Views */ = {
			isa = PBXGroup;
			children = (
				8500F6DF1C970F1C00C69875 /* LoginView.swift */,
				8531C2911CE670F50009B26A /* StoreItSynchDirectoryView.swift */,
				850831511CE7332200C11EB5 /* DirectoryCell.swift */,
				850831531CE7358C00C11EB5 /* FileCell.swift */,
				854E27E81CF5C795007DA015 /* AlertControllerManager.swift */,
				85708E811D130ED5001B7415 /* ParametersView.swift */,
				85708E831D1310EA001B7415 /* StoreItNavigationController.swift */,
				85708E851D131D21001B7415 /* ProfileView.swift */,
			);
			name = Views;
			sourceTree = "<group>";
		};
		853AD0471C99A7D60036A7FF /* Network */ = {
			isa = PBXGroup;
			children = (
				855AFB361D16C9CA009B81D9 /* commands */,
				8596DF0B1CDBDC03008501BD /* ConnexionManager.swift */,
				8500F7101C972B0400C69875 /* NetworkManager.swift */,
				853B29001CD8B33000742F8D /* WebSocketManager.swift */,
				8579872F1CDCBE300062B8F8 /* OAuth2.swift */,
				857987311CDCBE4D0062B8F8 /* OAuth2Google.swift */,
			);
			name = Network;
			sourceTree = "<group>";
		};
		853AD0481C99A7E30036A7FF /* FileManagement */ = {
			isa = PBXGroup;
			children = (
				85B154111D140D18003B62FE /* PListManager.swift */,
				8500F70B1C97103E00C69875 /* File.swift */,
				8500F70D1C97112800C69875 /* FileManager.swift */,
				85BA025A1CEDBD7200A8FC6F /* NavigationManager.swift */,
			);
			name = FileManagement;
			sourceTree = "<group>";
		};
		855AFB361D16C9CA009B81D9 /* commands */ = {
			isa = PBXGroup;
			children = (
				855AFB301D15D081009B81D9 /* Response.swift */,
				855AFB2E1D15CCC6009B81D9 /* CommandInfos.swift */,
				855AFB2C1D15CAB4009B81D9 /* Command.swift */,
				855AFB3B1D16D643009B81D9 /* Parameters.swift */,
			);
			name = commands;
			sourceTree = "<group>";
		};
/* End PBXGroup section */

/* Begin PBXNativeTarget section */
		8500F6D91C970F1C00C69875 /* StoreIt */ = {
			isa = PBXNativeTarget;
			buildConfigurationList = 8500F7021C970F1C00C69875 /* Build configuration list for PBXNativeTarget "StoreIt" */;
			buildPhases = (
				31BF9416A3F78E29554CF81C /* Check Pods Manifest.lock */,
				8500F6D61C970F1C00C69875 /* Sources */,
				8500F6D71C970F1C00C69875 /* Frameworks */,
				8500F6D81C970F1C00C69875 /* Resources */,
				0707757418910AEA4818C73C /* Embed Pods Frameworks */,
				58C70A24B7AF1A152C6CAB46 /* Copy Pods Resources */,
			);
			buildRules = (
			);
			dependencies = (
			);
			name = StoreIt;
			productName = StoreIt;
			productReference = 8500F6DA1C970F1C00C69875 /* StoreIt.app */;
			productType = "com.apple.product-type.application";
		};
		8500F6ED1C970F1C00C69875 /* StoreItTests */ = {
			isa = PBXNativeTarget;
			buildConfigurationList = 8500F7051C970F1C00C69875 /* Build configuration list for PBXNativeTarget "StoreItTests" */;
			buildPhases = (
				8500F6EA1C970F1C00C69875 /* Sources */,
				8500F6EB1C970F1C00C69875 /* Frameworks */,
				8500F6EC1C970F1C00C69875 /* Resources */,
			);
			buildRules = (
			);
			dependencies = (
				8500F6F01C970F1C00C69875 /* PBXTargetDependency */,
			);
			name = StoreItTests;
			productName = StoreItTests;
			productReference = 8500F6EE1C970F1C00C69875 /* StoreItTests.xctest */;
			productType = "com.apple.product-type.bundle.unit-test";
		};
		8500F6F81C970F1C00C69875 /* StoreItUITests */ = {
			isa = PBXNativeTarget;
			buildConfigurationList = 8500F7081C970F1C00C69875 /* Build configuration list for PBXNativeTarget "StoreItUITests" */;
			buildPhases = (
				8500F6F51C970F1C00C69875 /* Sources */,
				8500F6F61C970F1C00C69875 /* Frameworks */,
				8500F6F71C970F1C00C69875 /* Resources */,
			);
			buildRules = (
			);
			dependencies = (
				8500F6FB1C970F1C00C69875 /* PBXTargetDependency */,
			);
			name = StoreItUITests;
			productName = StoreItUITests;
			productReference = 8500F6F91C970F1C00C69875 /* StoreItUITests.xctest */;
			productType = "com.apple.product-type.bundle.ui-testing";
		};
/* End PBXNativeTarget section */

/* Begin PBXProject section */
		8500F6D21C970F1C00C69875 /* Project object */ = {
			isa = PBXProject;
			attributes = {
				LastSwiftUpdateCheck = 0720;
				LastUpgradeCheck = 0720;
				ORGANIZATIONNAME = "Romain Gjura";
				TargetAttributes = {
					8500F6D91C970F1C00C69875 = {
						CreatedOnToolsVersion = 7.2.1;
						DevelopmentTeam = 674RVL2F5C;
					};
					8500F6ED1C970F1C00C69875 = {
						CreatedOnToolsVersion = 7.2.1;
						TestTargetID = 8500F6D91C970F1C00C69875;
					};
					8500F6F81C970F1C00C69875 = {
						CreatedOnToolsVersion = 7.2.1;
						TestTargetID = 8500F6D91C970F1C00C69875;
					};
				};
			};
			buildConfigurationList = 8500F6D51C970F1C00C69875 /* Build configuration list for PBXProject "StoreIt" */;
			compatibilityVersion = "Xcode 3.2";
			developmentRegion = English;
			hasScannedForEncodings = 0;
			knownRegions = (
				en,
				Base,
			);
			mainGroup = 8500F6D11C970F1C00C69875;
			productRefGroup = 8500F6DB1C970F1C00C69875 /* Products */;
			projectDirPath = "";
			projectRoot = "";
			targets = (
				8500F6D91C970F1C00C69875 /* StoreIt */,
				8500F6ED1C970F1C00C69875 /* StoreItTests */,
				8500F6F81C970F1C00C69875 /* StoreItUITests */,
			);
		};
/* End PBXProject section */

/* Begin PBXResourcesBuildPhase section */
		8500F6D81C970F1C00C69875 /* Resources */ = {
			isa = PBXResourcesBuildPhase;
			buildActionMask = 2147483647;
			files = (
				8500F6E81C970F1C00C69875 /* LaunchScreen.storyboard in Resources */,
				8500F6E51C970F1C00C69875 /* Assets.xcassets in Resources */,
				8500F6E31C970F1C00C69875 /* Main.storyboard in Resources */,
				856EAED61CDCC86E00F69148 /* 2017_logo_storeit.png in Resources */,
			);
			runOnlyForDeploymentPostprocessing = 0;
		};
		8500F6EC1C970F1C00C69875 /* Resources */ = {
			isa = PBXResourcesBuildPhase;
			buildActionMask = 2147483647;
			files = (
			);
			runOnlyForDeploymentPostprocessing = 0;
		};
		8500F6F71C970F1C00C69875 /* Resources */ = {
			isa = PBXResourcesBuildPhase;
			buildActionMask = 2147483647;
			files = (
			);
			runOnlyForDeploymentPostprocessing = 0;
		};
/* End PBXResourcesBuildPhase section */

/* Begin PBXShellScriptBuildPhase section */
		0707757418910AEA4818C73C /* Embed Pods Frameworks */ = {
			isa = PBXShellScriptBuildPhase;
			buildActionMask = 2147483647;
			files = (
			);
			inputPaths = (
			);
			name = "Embed Pods Frameworks";
			outputPaths = (
			);
			runOnlyForDeploymentPostprocessing = 0;
			shellPath = /bin/sh;
			shellScript = "\"${SRCROOT}/Pods/Target Support Files/Pods-StoreIt/Pods-StoreIt-frameworks.sh\"\n";
			showEnvVarsInLog = 0;
		};
		31BF9416A3F78E29554CF81C /* Check Pods Manifest.lock */ = {
			isa = PBXShellScriptBuildPhase;
			buildActionMask = 2147483647;
			files = (
			);
			inputPaths = (
			);
			name = "Check Pods Manifest.lock";
			outputPaths = (
			);
			runOnlyForDeploymentPostprocessing = 0;
			shellPath = /bin/sh;
			shellScript = "diff \"${PODS_ROOT}/../Podfile.lock\" \"${PODS_ROOT}/Manifest.lock\" > /dev/null\nif [[ $? != 0 ]] ; then\n    cat << EOM\nerror: The sandbox is not in sync with the Podfile.lock. Run 'pod install' or update your CocoaPods installation.\nEOM\n    exit 1\nfi\n";
			showEnvVarsInLog = 0;
		};
		58C70A24B7AF1A152C6CAB46 /* Copy Pods Resources */ = {
			isa = PBXShellScriptBuildPhase;
			buildActionMask = 2147483647;
			files = (
			);
			inputPaths = (
			);
			name = "Copy Pods Resources";
			outputPaths = (
			);
			runOnlyForDeploymentPostprocessing = 0;
			shellPath = /bin/sh;
			shellScript = "\"${SRCROOT}/Pods/Target Support Files/Pods-StoreIt/Pods-StoreIt-resources.sh\"\n";
			showEnvVarsInLog = 0;
		};
/* End PBXShellScriptBuildPhase section */

/* Begin PBXSourcesBuildPhase section */
		8500F6D61C970F1C00C69875 /* Sources */ = {
			isa = PBXSourcesBuildPhase;
			buildActionMask = 2147483647;
			files = (
				8500F6E01C970F1C00C69875 /* LoginView.swift in Sources */,
				853B29011CD8B33000742F8D /* WebSocketManager.swift in Sources */,
				857987321CDCBE4D0062B8F8 /* OAuth2Google.swift in Sources */,
				850831521CE7332200C11EB5 /* DirectoryCell.swift in Sources */,
				856EAED81CDD0B6D00F69148 /* AppDataManagers.swift in Sources */,
				855AFB311D15D081009B81D9 /* Response.swift in Sources */,
				857987301CDCBE300062B8F8 /* OAuth2.swift in Sources */,
				8500F70C1C97103E00C69875 /* File.swift in Sources */,
				85BA025B1CEDBD7200A8FC6F /* NavigationManager.swift in Sources */,
				8531C2921CE670F50009B26A /* StoreItSynchDirectoryView.swift in Sources */,
				85B154121D140D18003B62FE /* PListManager.swift in Sources */,
				85708E841D1310EA001B7415 /* StoreItNavigationController.swift in Sources */,
				8500F6DE1C970F1C00C69875 /* AppDelegate.swift in Sources */,
				854E27E91CF5C795007DA015 /* AlertControllerManager.swift in Sources */,
				855AFB3C1D16D643009B81D9 /* Parameters.swift in Sources */,
				8596DF0C1CDBDC03008501BD /* ConnexionManager.swift in Sources */,
				850831541CE7358C00C11EB5 /* FileCell.swift in Sources */,
				8500F70E1C97112800C69875 /* FileManager.swift in Sources */,
				8500F7111C972B0400C69875 /* NetworkManager.swift in Sources */,
				85708E821D130ED5001B7415 /* ParametersView.swift in Sources */,
				855AFB2F1D15CCC6009B81D9 /* CommandInfos.swift in Sources */,
				85708E861D131D21001B7415 /* ProfileView.swift in Sources */,
				855AFB2D1D15CAB4009B81D9 /* Command.swift in Sources */,
			);
			runOnlyForDeploymentPostprocessing = 0;
		};
		8500F6EA1C970F1C00C69875 /* Sources */ = {
			isa = PBXSourcesBuildPhase;
			buildActionMask = 2147483647;
			files = (
				8500F6F31C970F1C00C69875 /* StoreItTests.swift in Sources */,
			);
			runOnlyForDeploymentPostprocessing = 0;
		};
		8500F6F51C970F1C00C69875 /* Sources */ = {
			isa = PBXSourcesBuildPhase;
			buildActionMask = 2147483647;
			files = (
				8500F6FE1C970F1C00C69875 /* StoreItUITests.swift in Sources */,
			);
			runOnlyForDeploymentPostprocessing = 0;
		};
/* End PBXSourcesBuildPhase section */

/* Begin PBXTargetDependency section */
		8500F6F01C970F1C00C69875 /* PBXTargetDependency */ = {
			isa = PBXTargetDependency;
			target = 8500F6D91C970F1C00C69875 /* StoreIt */;
			targetProxy = 8500F6EF1C970F1C00C69875 /* PBXContainerItemProxy */;
		};
		8500F6FB1C970F1C00C69875 /* PBXTargetDependency */ = {
			isa = PBXTargetDependency;
			target = 8500F6D91C970F1C00C69875 /* StoreIt */;
			targetProxy = 8500F6FA1C970F1C00C69875 /* PBXContainerItemProxy */;
		};
/* End PBXTargetDependency section */

/* Begin PBXVariantGroup section */
		8500F6E11C970F1C00C69875 /* Main.storyboard */ = {
			isa = PBXVariantGroup;
			children = (
				8500F6E21C970F1C00C69875 /* Base */,
			);
			name = Main.storyboard;
			sourceTree = "<group>";
		};
		8500F6E61C970F1C00C69875 /* LaunchScreen.storyboard */ = {
			isa = PBXVariantGroup;
			children = (
				8500F6E71C970F1C00C69875 /* Base */,
			);
			name = LaunchScreen.storyboard;
			sourceTree = "<group>";
		};
/* End PBXVariantGroup section */

/* Begin XCBuildConfiguration section */
		8500F7001C970F1C00C69875 /* Debug */ = {
			isa = XCBuildConfiguration;
			buildSettings = {
				ALWAYS_SEARCH_USER_PATHS = NO;
				CLANG_CXX_LANGUAGE_STANDARD = "gnu++0x";
				CLANG_CXX_LIBRARY = "libc++";
				CLANG_ENABLE_MODULES = YES;
				CLANG_ENABLE_OBJC_ARC = YES;
				CLANG_WARN_BOOL_CONVERSION = YES;
				CLANG_WARN_CONSTANT_CONVERSION = YES;
				CLANG_WARN_DIRECT_OBJC_ISA_USAGE = YES_ERROR;
				CLANG_WARN_EMPTY_BODY = YES;
				CLANG_WARN_ENUM_CONVERSION = YES;
				CLANG_WARN_INT_CONVERSION = YES;
				CLANG_WARN_OBJC_ROOT_CLASS = YES_ERROR;
				CLANG_WARN_UNREACHABLE_CODE = YES;
				CLANG_WARN__DUPLICATE_METHOD_MATCH = YES;
				"CODE_SIGN_IDENTITY[sdk=iphoneos*]" = "iPhone Developer";
				COPY_PHASE_STRIP = NO;
				DEBUG_INFORMATION_FORMAT = dwarf;
				ENABLE_STRICT_OBJC_MSGSEND = YES;
				ENABLE_TESTABILITY = YES;
				GCC_C_LANGUAGE_STANDARD = gnu99;
				GCC_DYNAMIC_NO_PIC = NO;
				GCC_NO_COMMON_BLOCKS = YES;
				GCC_OPTIMIZATION_LEVEL = 0;
				GCC_PREPROCESSOR_DEFINITIONS = (
					"DEBUG=1",
					"$(inherited)",
				);
				GCC_WARN_64_TO_32_BIT_CONVERSION = YES;
				GCC_WARN_ABOUT_RETURN_TYPE = YES_ERROR;
				GCC_WARN_UNDECLARED_SELECTOR = YES;
				GCC_WARN_UNINITIALIZED_AUTOS = YES_AGGRESSIVE;
				GCC_WARN_UNUSED_FUNCTION = YES;
				GCC_WARN_UNUSED_VARIABLE = YES;
				IPHONEOS_DEPLOYMENT_TARGET = 9.2;
				MTL_ENABLE_DEBUG_INFO = YES;
				ONLY_ACTIVE_ARCH = YES;
				SDKROOT = iphoneos;
				SWIFT_OPTIMIZATION_LEVEL = "-Onone";
				TARGETED_DEVICE_FAMILY = "1,2";
			};
			name = Debug;
		};
		8500F7011C970F1C00C69875 /* Release */ = {
			isa = XCBuildConfiguration;
			buildSettings = {
				ALWAYS_SEARCH_USER_PATHS = NO;
				CLANG_CXX_LANGUAGE_STANDARD = "gnu++0x";
				CLANG_CXX_LIBRARY = "libc++";
				CLANG_ENABLE_MODULES = YES;
				CLANG_ENABLE_OBJC_ARC = YES;
				CLANG_WARN_BOOL_CONVERSION = YES;
				CLANG_WARN_CONSTANT_CONVERSION = YES;
				CLANG_WARN_DIRECT_OBJC_ISA_USAGE = YES_ERROR;
				CLANG_WARN_EMPTY_BODY = YES;
				CLANG_WARN_ENUM_CONVERSION = YES;
				CLANG_WARN_INT_CONVERSION = YES;
				CLANG_WARN_OBJC_ROOT_CLASS = YES_ERROR;
				CLANG_WARN_UNREACHABLE_CODE = YES;
				CLANG_WARN__DUPLICATE_METHOD_MATCH = YES;
				"CODE_SIGN_IDENTITY[sdk=iphoneos*]" = "iPhone Developer";
				COPY_PHASE_STRIP = NO;
				DEBUG_INFORMATION_FORMAT = "dwarf-with-dsym";
				ENABLE_NS_ASSERTIONS = NO;
				ENABLE_STRICT_OBJC_MSGSEND = YES;
				GCC_C_LANGUAGE_STANDARD = gnu99;
				GCC_NO_COMMON_BLOCKS = YES;
				GCC_WARN_64_TO_32_BIT_CONVERSION = YES;
				GCC_WARN_ABOUT_RETURN_TYPE = YES_ERROR;
				GCC_WARN_UNDECLARED_SELECTOR = YES;
				GCC_WARN_UNINITIALIZED_AUTOS = YES_AGGRESSIVE;
				GCC_WARN_UNUSED_FUNCTION = YES;
				GCC_WARN_UNUSED_VARIABLE = YES;
				IPHONEOS_DEPLOYMENT_TARGET = 9.2;
				MTL_ENABLE_DEBUG_INFO = NO;
				ONLY_ACTIVE_ARCH = YES;
				SDKROOT = iphoneos;
				TARGETED_DEVICE_FAMILY = "1,2";
				VALIDATE_PRODUCT = YES;
			};
			name = Release;
		};
		8500F7031C970F1C00C69875 /* Debug */ = {
			isa = XCBuildConfiguration;
			baseConfigurationReference = 3B1C3B2D59B66914CB4AE770 /* Pods-StoreIt.debug.xcconfig */;
			buildSettings = {
				ASSETCATALOG_COMPILER_APPICON_NAME = AppIcon;
				CLANG_ENABLE_MODULES = YES;
				CODE_SIGN_IDENTITY = "iPhone Developer";
				"CODE_SIGN_IDENTITY[sdk=iphoneos*]" = "iPhone Developer";
				FRAMEWORK_SEARCH_PATHS = (
					"$(inherited)",
					"$(PROJECT_DIR)",
				);
				INFOPLIST_FILE = StoreIt/Info.plist;
				LD_RUNPATH_SEARCH_PATHS = "$(inherited) @executable_path/Frameworks";
				PRODUCT_BUNDLE_IDENTIFIER = fr.storeit;
				PRODUCT_NAME = "$(TARGET_NAME)";
				PROVISIONING_PROFILE = "";
				SWIFT_OBJC_BRIDGING_HEADER = "StoreIt/Bridging-Header.h";
				SWIFT_OPTIMIZATION_LEVEL = "-Onone";
			};
			name = Debug;
		};
		8500F7041C970F1C00C69875 /* Release */ = {
			isa = XCBuildConfiguration;
			baseConfigurationReference = 4C64B7762EBB3D1DF812D4B8 /* Pods-StoreIt.release.xcconfig */;
			buildSettings = {
				ASSETCATALOG_COMPILER_APPICON_NAME = AppIcon;
				CLANG_ENABLE_MODULES = YES;
				CODE_SIGN_IDENTITY = "iPhone Developer";
				"CODE_SIGN_IDENTITY[sdk=iphoneos*]" = "iPhone Developer";
				FRAMEWORK_SEARCH_PATHS = (
					"$(inherited)",
					"$(PROJECT_DIR)",
				);
				INFOPLIST_FILE = StoreIt/Info.plist;
				LD_RUNPATH_SEARCH_PATHS = "$(inherited) @executable_path/Frameworks";
				PRODUCT_BUNDLE_IDENTIFIER = fr.storeit;
				PRODUCT_NAME = "$(TARGET_NAME)";
				PROVISIONING_PROFILE = "";
				SWIFT_OBJC_BRIDGING_HEADER = "StoreIt/Bridging-Header.h";
			};
			name = Release;
		};
		8500F7061C970F1C00C69875 /* Debug */ = {
			isa = XCBuildConfiguration;
			buildSettings = {
				BUNDLE_LOADER = "$(TEST_HOST)";
				INFOPLIST_FILE = StoreItTests/Info.plist;
				LD_RUNPATH_SEARCH_PATHS = "$(inherited) @executable_path/Frameworks @loader_path/Frameworks";
				PRODUCT_BUNDLE_IDENTIFIER = fr.StoreItTests;
				PRODUCT_NAME = "$(TARGET_NAME)";
				TEST_HOST = "$(BUILT_PRODUCTS_DIR)/StoreIt.app/StoreIt";
			};
			name = Debug;
		};
		8500F7071C970F1C00C69875 /* Release */ = {
			isa = XCBuildConfiguration;
			buildSettings = {
				BUNDLE_LOADER = "$(TEST_HOST)";
				INFOPLIST_FILE = StoreItTests/Info.plist;
				LD_RUNPATH_SEARCH_PATHS = "$(inherited) @executable_path/Frameworks @loader_path/Frameworks";
				PRODUCT_BUNDLE_IDENTIFIER = fr.StoreItTests;
				PRODUCT_NAME = "$(TARGET_NAME)";
				TEST_HOST = "$(BUILT_PRODUCTS_DIR)/StoreIt.app/StoreIt";
			};
			name = Release;
		};
		8500F7091C970F1C00C69875 /* Debug */ = {
			isa = XCBuildConfiguration;
			buildSettings = {
				INFOPLIST_FILE = StoreItUITests/Info.plist;
				LD_RUNPATH_SEARCH_PATHS = "$(inherited) @executable_path/Frameworks @loader_path/Frameworks";
				PRODUCT_BUNDLE_IDENTIFIER = fr.StoreItUITests;
				PRODUCT_NAME = "$(TARGET_NAME)";
				TEST_TARGET_NAME = StoreIt;
				USES_XCTRUNNER = YES;
			};
			name = Debug;
		};
		8500F70A1C970F1C00C69875 /* Release */ = {
			isa = XCBuildConfiguration;
			buildSettings = {
				INFOPLIST_FILE = StoreItUITests/Info.plist;
				LD_RUNPATH_SEARCH_PATHS = "$(inherited) @executable_path/Frameworks @loader_path/Frameworks";
				PRODUCT_BUNDLE_IDENTIFIER = fr.StoreItUITests;
				PRODUCT_NAME = "$(TARGET_NAME)";
				TEST_TARGET_NAME = StoreIt;
				USES_XCTRUNNER = YES;
			};
			name = Release;
		};
/* End XCBuildConfiguration section */

/* Begin XCConfigurationList section */
		8500F6D51C970F1C00C69875 /* Build configuration list for PBXProject "StoreIt" */ = {
			isa = XCConfigurationList;
			buildConfigurations = (
				8500F7001C970F1C00C69875 /* Debug */,
				8500F7011C970F1C00C69875 /* Release */,
			);
			defaultConfigurationIsVisible = 0;
			defaultConfigurationName = Release;
		};
		8500F7021C970F1C00C69875 /* Build configuration list for PBXNativeTarget "StoreIt" */ = {
			isa = XCConfigurationList;
			buildConfigurations = (
				8500F7031C970F1C00C69875 /* Debug */,
				8500F7041C970F1C00C69875 /* Release */,
			);
			defaultConfigurationIsVisible = 0;
			defaultConfigurationName = Release;
		};
		8500F7051C970F1C00C69875 /* Build configuration list for PBXNativeTarget "StoreItTests" */ = {
			isa = XCConfigurationList;
			buildConfigurations = (
				8500F7061C970F1C00C69875 /* Debug */,
				8500F7071C970F1C00C69875 /* Release */,
			);
			defaultConfigurationIsVisible = 0;
			defaultConfigurationName = Release;
		};
		8500F7081C970F1C00C69875 /* Build configuration list for PBXNativeTarget "StoreItUITests" */ = {
			isa = XCConfigurationList;
			buildConfigurations = (
				8500F7091C970F1C00C69875 /* Debug */,
				8500F70A1C970F1C00C69875 /* Release */,
			);
			defaultConfigurationIsVisible = 0;
			defaultConfigurationName = Release;
		};
/* End XCConfigurationList section */
	};
	rootObject = 8500F6D21C970F1C00C69875 /* Project object */;
}
