// !$*UTF8*$!
{
	archiveVersion = 1;
	classes = {
	};
	objectVersion = 46;
	objects = {

/* Begin PBXBuildFile section */
		8500F6DE1C970F1C00C69875 /* AppDelegate.swift in Sources */ = {isa = PBXBuildFile; fileRef = 8500F6DD1C970F1C00C69875 /* AppDelegate.swift */; };
		8500F6E01C970F1C00C69875 /* ViewController.swift in Sources */ = {isa = PBXBuildFile; fileRef = 8500F6DF1C970F1C00C69875 /* ViewController.swift */; };
		8500F6E31C970F1C00C69875 /* Main.storyboard in Resources */ = {isa = PBXBuildFile; fileRef = 8500F6E11C970F1C00C69875 /* Main.storyboard */; };
		8500F6E51C970F1C00C69875 /* Assets.xcassets in Resources */ = {isa = PBXBuildFile; fileRef = 8500F6E41C970F1C00C69875 /* Assets.xcassets */; };
		8500F6E81C970F1C00C69875 /* LaunchScreen.storyboard in Resources */ = {isa = PBXBuildFile; fileRef = 8500F6E61C970F1C00C69875 /* LaunchScreen.storyboard */; };
		8500F6F31C970F1C00C69875 /* StoreItTests.swift in Sources */ = {isa = PBXBuildFile; fileRef = 8500F6F21C970F1C00C69875 /* StoreItTests.swift */; };
		8500F6FE1C970F1C00C69875 /* StoreItUITests.swift in Sources */ = {isa = PBXBuildFile; fileRef = 8500F6FD1C970F1C00C69875 /* StoreItUITests.swift */; };
		8500F70C1C97103E00C69875 /* File.swift in Sources */ = {isa = PBXBuildFile; fileRef = 8500F70B1C97103E00C69875 /* File.swift */; };
		8500F70E1C97112800C69875 /* FileManager.swift in Sources */ = {isa = PBXBuildFile; fileRef = 8500F70D1C97112800C69875 /* FileManager.swift */; };
		8500F7111C972B0400C69875 /* NetworkManager.swift in Sources */ = {isa = PBXBuildFile; fileRef = 8500F7101C972B0400C69875 /* NetworkManager.swift */; };
/* End PBXBuildFile section */

/* Begin PBXContainerItemProxy section */
		8500F6EF1C970F1C00C69875 /* PBXContainerItemProxy */ = {
			isa = PBXContainerItemProxy;
			containerPortal = 8500F6D21C970F1C00C69875 /* Project object */;
			proxyType = 1;
			remoteGlobalIDString = 8500F6D91C970F1C00C69875;
			remoteInfo = StoreIt;
		};
		8500F6FA1C970F1C00C69875 /* PBXContainerItemProxy */ = {
			isa = PBXContainerItemProxy;
			containerPortal = 8500F6D21C970F1C00C69875 /* Project object */;
			proxyType = 1;
			remoteGlobalIDString = 8500F6D91C970F1C00C69875;
			remoteInfo = StoreIt;
		};
/* End PBXContainerItemProxy section */

/* Begin PBXFileReference section */
		8500F6DA1C970F1C00C69875 /* StoreIt.app */ = {isa = PBXFileReference; explicitFileType = wrapper.application; includeInIndex = 0; path = StoreIt.app; sourceTree = BUILT_PRODUCTS_DIR; };
		8500F6DD1C970F1C00C69875 /* AppDelegate.swift */ = {isa = PBXFileReference; lastKnownFileType = sourcecode.swift; path = AppDelegate.swift; sourceTree = "<group>"; };
		8500F6DF1C970F1C00C69875 /* ViewController.swift */ = {isa = PBXFileReference; lastKnownFileType = sourcecode.swift; path = ViewController.swift; sourceTree = "<group>"; };
		8500F6E21C970F1C00C69875 /* Base */ = {isa = PBXFileReference; lastKnownFileType = file.storyboard; name = Base; path = Base.lproj/Main.storyboard; sourceTree = "<group>"; };
		8500F6E41C970F1C00C69875 /* Assets.xcassets */ = {isa = PBXFileReference; lastKnownFileType = folder.assetcatalog; path = Assets.xcassets; sourceTree = "<group>"; };
		8500F6E71C970F1C00C69875 /* Base */ = {isa = PBXFileReference; lastKnownFileType = file.storyboard; name = Base; path = Base.lproj/LaunchScreen.storyboard; sourceTree = "<group>"; };
		8500F6E91C970F1C00C69875 /* Info.plist */ = {isa = PBXFileReference; lastKnownFileType = text.plist.xml; path = Info.plist; sourceTree = "<group>"; };
		8500F6EE1C970F1C00C69875 /* StoreItTests.xctest */ = {isa = PBXFileReference; explicitFileType = wrapper.cfbundle; includeInIndex = 0; path = StoreItTests.xctest; sourceTree = BUILT_PRODUCTS_DIR; };
		8500F6F21C970F1C00C69875 /* StoreItTests.swift */ = {isa = PBXFileReference; lastKnownFileType = sourcecode.swift; path = StoreItTests.swift; sourceTree = "<group>"; };
		8500F6F41C970F1C00C69875 /* Info.plist */ = {isa = PBXFileReference; lastKnownFileType = text.plist.xml; path = Info.plist; sourceTree = "<group>"; };
		8500F6F91C970F1C00C69875 /* StoreItUITests.xctest */ = {isa = PBXFileReference; explicitFileType = wrapper.cfbundle; includeInIndex = 0; path = StoreItUITests.xctest; sourceTree = BUILT_PRODUCTS_DIR; };
		8500F6FD1C970F1C00C69875 /* StoreItUITests.swift */ = {isa = PBXFileReference; lastKnownFileType = sourcecode.swift; path = StoreItUITests.swift; sourceTree = "<group>"; };
		8500F6FF1C970F1C00C69875 /* Info.plist */ = {isa = PBXFileReference; lastKnownFileType = text.plist.xml; path = Info.plist; sourceTree = "<group>"; };
		8500F70B1C97103E00C69875 /* File.swift */ = {isa = PBXFileReference; fileEncoding = 4; lastKnownFileType = sourcecode.swift; path = File.swift; sourceTree = "<group>"; };
		8500F70D1C97112800C69875 /* FileManager.swift */ = {isa = PBXFileReference; fileEncoding = 4; lastKnownFileType = sourcecode.swift; path = FileManager.swift; sourceTree = "<group>"; };
		8500F7101C972B0400C69875 /* NetworkManager.swift */ = {isa = PBXFileReference; fileEncoding = 4; lastKnownFileType = sourcecode.swift; path = NetworkManager.swift; sourceTree = "<group>"; };
/* End PBXFileReference section */

/* Begin PBXFrameworksBuildPhase section */
		8500F6D71C970F1C00C69875 /* Frameworks */ = {
			isa = PBXFrameworksBuildPhase;
			buildActionMask = 2147483647;
			files = (
			);
			runOnlyForDeploymentPostprocessing = 0;
		};
		8500F6EB1C970F1C00C69875 /* Frameworks */ = {
			isa = PBXFrameworksBuildPhase;
			buildActionMask = 2147483647;
			files = (
			);
			runOnlyForDeploymentPostprocessing = 0;
		};
		8500F6F61C970F1C00C69875 /* Frameworks */ = {
			isa = PBXFrameworksBuildPhase;
			buildActionMask = 2147483647;
			files = (
			);
			runOnlyForDeploymentPostprocessing = 0;
		};
/* End PBXFrameworksBuildPhase section */

/* Begin PBXGroup section */
		8500F6D11C970F1C00C69875 = {
			isa = PBXGroup;
			children = (
				8500F6DC1C970F1C00C69875 /* StoreIt */,
				8500F6F11C970F1C00C69875 /* StoreItTests */,
				8500F6FC1C970F1C00C69875 /* StoreItUITests */,
				8500F6DB1C970F1C00C69875 /* Products */,
			);
			sourceTree = "<group>";
		};
		8500F6DB1C970F1C00C69875 /* Products */ = {
			isa = PBXGroup;
			children = (
				8500F6DA1C970F1C00C69875 /* StoreIt.app */,
				8500F6EE1C970F1C00C69875 /* StoreItTests.xctest */,
				8500F6F91C970F1C00C69875 /* StoreItUITests.xctest */,
			);
			name = Products;
			sourceTree = "<group>";
		};
		8500F6DC1C970F1C00C69875 /* StoreIt */ = {
			isa = PBXGroup;
			children = (
				8500F70F1C972A7900C69875 /* Classes */,
				8500F6DD1C970F1C00C69875 /* AppDelegate.swift */,
				8500F6DF1C970F1C00C69875 /* ViewController.swift */,
				8500F6E11C970F1C00C69875 /* Main.storyboard */,
				8500F6E41C970F1C00C69875 /* Assets.xcassets */,
				8500F6E61C970F1C00C69875 /* LaunchScreen.storyboard */,
				8500F6E91C970F1C00C69875 /* Info.plist */,
				8500F70D1C97112800C69875 /* FileManager.swift */,
				8500F7101C972B0400C69875 /* NetworkManager.swift */,
			);
			path = StoreIt;
			sourceTree = "<group>";
		};
		8500F6F11C970F1C00C69875 /* StoreItTests */ = {
			isa = PBXGroup;
			children = (
				8500F6F21C970F1C00C69875 /* StoreItTests.swift */,
				8500F6F41C970F1C00C69875 /* Info.plist */,
			);
			path = StoreItTests;
			sourceTree = "<group>";
		};
		8500F6FC1C970F1C00C69875 /* StoreItUITests */ = {
			isa = PBXGroup;
			children = (
				8500F6FD1C970F1C00C69875 /* StoreItUITests.swift */,
				8500F6FF1C970F1C00C69875 /* Info.plist */,
			);
			path = StoreItUITests;
			sourceTree = "<group>";
		};
		8500F70F1C972A7900C69875 /* Classes */ = {
			isa = PBXGroup;
			children = (
				8500F70B1C97103E00C69875 /* File.swift */,
			);
			name = Classes;
			sourceTree = "<group>";
		};
/* End PBXGroup section */

/* Begin PBXNativeTarget section */
		8500F6D91C970F1C00C69875 /* StoreIt */ = {
			isa = PBXNativeTarget;
			buildConfigurationList = 8500F7021C970F1C00C69875 /* Build configuration list for PBXNativeTarget "StoreIt" */;
			buildPhases = (
				8500F6D61C970F1C00C69875 /* Sources */,
				8500F6D71C970F1C00C69875 /* Frameworks */,
				8500F6D81C970F1C00C69875 /* Resources */,
			);
			buildRules = (
			);
			dependencies = (
			);
			name = StoreIt;
			productName = StoreIt;
			productReference = 8500F6DA1C970F1C00C69875 /* StoreIt.app */;
			productType = "com.apple.product-type.application";
		};
		8500F6ED1C970F1C00C69875 /* StoreItTests */ = {
			isa = PBXNativeTarget;
			buildConfigurationList = 8500F7051C970F1C00C69875 /* Build configuration list for PBXNativeTarget "StoreItTests" */;
			buildPhases = (
				8500F6EA1C970F1C00C69875 /* Sources */,
				8500F6EB1C970F1C00C69875 /* Frameworks */,
				8500F6EC1C970F1C00C69875 /* Resources */,
			);
			buildRules = (
			);
			dependencies = (
				8500F6F01C970F1C00C69875 /* PBXTargetDependency */,
			);
			name = StoreItTests;
			productName = StoreItTests;
			productReference = 8500F6EE1C970F1C00C69875 /* StoreItTests.xctest */;
			productType = "com.apple.product-type.bundle.unit-test";
		};
		8500F6F81C970F1C00C69875 /* StoreItUITests */ = {
			isa = PBXNativeTarget;
			buildConfigurationList = 8500F7081C970F1C00C69875 /* Build configuration list for PBXNativeTarget "StoreItUITests" */;
			buildPhases = (
				8500F6F51C970F1C00C69875 /* Sources */,
				8500F6F61C970F1C00C69875 /* Frameworks */,
				8500F6F71C970F1C00C69875 /* Resources */,
			);
			buildRules = (
			);
			dependencies = (
				8500F6FB1C970F1C00C69875 /* PBXTargetDependency */,
			);
			name = StoreItUITests;
			productName = StoreItUITests;
			productReference = 8500F6F91C970F1C00C69875 /* StoreItUITests.xctest */;
			productType = "com.apple.product-type.bundle.ui-testing";
		};
/* End PBXNativeTarget section */

/* Begin PBXProject section */
		8500F6D21C970F1C00C69875 /* Project object */ = {
			isa = PBXProject;
			attributes = {
				LastSwiftUpdateCheck = 0720;
				LastUpgradeCheck = 0720;
				ORGANIZATIONNAME = "Romain Gjura";
				TargetAttributes = {
					8500F6D91C970F1C00C69875 = {
						CreatedOnToolsVersion = 7.2.1;
					};
					8500F6ED1C970F1C00C69875 = {
						CreatedOnToolsVersion = 7.2.1;
						TestTargetID = 8500F6D91C970F1C00C69875;
					};
					8500F6F81C970F1C00C69875 = {
						CreatedOnToolsVersion = 7.2.1;
						TestTargetID = 8500F6D91C970F1C00C69875;
					};
				};
			};
			buildConfigurationList = 8500F6D51C970F1C00C69875 /* Build configuration list for PBXProject "StoreIt" */;
			compatibilityVersion = "Xcode 3.2";
			developmentRegion = English;
			hasScannedForEncodings = 0;
			knownRegions = (
				en,
				Base,
			);
			mainGroup = 8500F6D11C970F1C00C69875;
			productRefGroup = 8500F6DB1C970F1C00C69875 /* Products */;
			projectDirPath = "";
			projectRoot = "";
			targets = (
				8500F6D91C970F1C00C69875 /* StoreIt */,
				8500F6ED1C970F1C00C69875 /* StoreItTests */,
				8500F6F81C970F1C00C69875 /* StoreItUITests */,
			);
		};
/* End PBXProject section */

/* Begin PBXResourcesBuildPhase section */
		8500F6D81C970F1C00C69875 /* Resources */ = {
			isa = PBXResourcesBuildPhase;
			buildActionMask = 2147483647;
			files = (
				8500F6E81C970F1C00C69875 /* LaunchScreen.storyboard in Resources */,
				8500F6E51C970F1C00C69875 /* Assets.xcassets in Resources */,
				8500F6E31C970F1C00C69875 /* Main.storyboard in Resources */,
			);
			runOnlyForDeploymentPostprocessing = 0;
		};
		8500F6EC1C970F1C00C69875 /* Resources */ = {
			isa = PBXResourcesBuildPhase;
			buildActionMask = 2147483647;
			files = (
			);
			runOnlyForDeploymentPostprocessing = 0;
		};
		8500F6F71C970F1C00C69875 /* Resources */ = {
			isa = PBXResourcesBuildPhase;
			buildActionMask = 2147483647;
			files = (
			);
			runOnlyForDeploymentPostprocessing = 0;
		};
/* End PBXResourcesBuildPhase section */

/* Begin PBXSourcesBuildPhase section */
		8500F6D61C970F1C00C69875 /* Sources */ = {
			isa = PBXSourcesBuildPhase;
			buildActionMask = 2147483647;
			files = (
				8500F6E01C970F1C00C69875 /* ViewController.swift in Sources */,
				8500F70C1C97103E00C69875 /* File.swift in Sources */,
				8500F6DE1C970F1C00C69875 /* AppDelegate.swift in Sources */,
				8500F70E1C97112800C69875 /* FileManager.swift in Sources */,
				8500F7111C972B0400C69875 /* NetworkManager.swift in Sources */,
			);
			runOnlyForDeploymentPostprocessing = 0;
		};
		8500F6EA1C970F1C00C69875 /* Sources */ = {
			isa = PBXSourcesBuildPhase;
			buildActionMask = 2147483647;
			files = (
				8500F6F31C970F1C00C69875 /* StoreItTests.swift in Sources */,
			);
			runOnlyForDeploymentPostprocessing = 0;
		};
		8500F6F51C970F1C00C69875 /* Sources */ = {
			isa = PBXSourcesBuildPhase;
			buildActionMask = 2147483647;
			files = (
				8500F6FE1C970F1C00C69875 /* StoreItUITests.swift in Sources */,
			);
			runOnlyForDeploymentPostprocessing = 0;
		};
/* End PBXSourcesBuildPhase section */

/* Begin PBXTargetDependency section */
		8500F6F01C970F1C00C69875 /* PBXTargetDependency */ = {
			isa = PBXTargetDependency;
			target = 8500F6D91C970F1C00C69875 /* StoreIt */;
			targetProxy = 8500F6EF1C970F1C00C69875 /* PBXContainerItemProxy */;
		};
		8500F6FB1C970F1C00C69875 /* PBXTargetDependency */ = {
			isa = PBXTargetDependency;
			target = 8500F6D91C970F1C00C69875 /* StoreIt */;
			targetProxy = 8500F6FA1C970F1C00C69875 /* PBXContainerItemProxy */;
		};
/* End PBXTargetDependency section */

/* Begin PBXVariantGroup section */
		8500F6E11C970F1C00C69875 /* Main.storyboard */ = {
			isa = PBXVariantGroup;
			children = (
				8500F6E21C970F1C00C69875 /* Base */,
			);
			name = Main.storyboard;
			sourceTree = "<group>";
		};
		8500F6E61C970F1C00C69875 /* LaunchScreen.storyboard */ = {
			isa = PBXVariantGroup;
			children = (
				8500F6E71C970F1C00C69875 /* Base */,
			);
			name = LaunchScreen.storyboard;
			sourceTree = "<group>";
		};
/* End PBXVariantGroup section */

/* Begin XCBuildConfiguration section */
		8500F7001C970F1C00C69875 /* Debug */ = {
			isa = XCBuildConfiguration;
			buildSettings = {
				ALWAYS_SEARCH_USER_PATHS = NO;
				CLANG_CXX_LANGUAGE_STANDARD = "gnu++0x";
				CLANG_CXX_LIBRARY = "libc++";
				CLANG_ENABLE_MODULES = YES;
				CLANG_ENABLE_OBJC_ARC = YES;
				CLANG_WARN_BOOL_CONVERSION = YES;
				CLANG_WARN_CONSTANT_CONVERSION = YES;
				CLANG_WARN_DIRECT_OBJC_ISA_USAGE = YES_ERROR;
				CLANG_WARN_EMPTY_BODY = YES;
				CLANG_WARN_ENUM_CONVERSION = YES;
				CLANG_WARN_INT_CONVERSION = YES;
				CLANG_WARN_OBJC_ROOT_CLASS = YES_ERROR;
				CLANG_WARN_UNREACHABLE_CODE = YES;
				CLANG_WARN__DUPLICATE_METHOD_MATCH = YES;
				"CODE_SIGN_IDENTITY[sdk=iphoneos*]" = "iPhone Developer";
				COPY_PHASE_STRIP = NO;
				DEBUG_INFORMATION_FORMAT = dwarf;
				ENABLE_STRICT_OBJC_MSGSEND = YES;
				ENABLE_TESTABILITY = YES;
				GCC_C_LANGUAGE_STANDARD = gnu99;
				GCC_DYNAMIC_NO_PIC = NO;
				GCC_NO_COMMON_BLOCKS = YES;
				GCC_OPTIMIZATION_LEVEL = 0;
				GCC_PREPROCESSOR_DEFINITIONS = (
					"DEBUG=1",
					"$(inherited)",
				);
				GCC_WARN_64_TO_32_BIT_CONVERSION = YES;
				GCC_WARN_ABOUT_RETURN_TYPE = YES_ERROR;
				GCC_WARN_UNDECLARED_SELECTOR = YES;
				GCC_WARN_UNINITIALIZED_AUTOS = YES_AGGRESSIVE;
				GCC_WARN_UNUSED_FUNCTION = YES;
				GCC_WARN_UNUSED_VARIABLE = YES;
				IPHONEOS_DEPLOYMENT_TARGET = 9.2;
				MTL_ENABLE_DEBUG_INFO = YES;
				ONLY_ACTIVE_ARCH = YES;
				SDKROOT = iphoneos;
				SWIFT_OPTIMIZATION_LEVEL = "-Onone";
				TARGETED_DEVICE_FAMILY = "1,2";
			};
			name = Debug;
		};
		8500F7011C970F1C00C69875 /* Release */ = {
			isa = XCBuildConfiguration;
			buildSettings = {
				ALWAYS_SEARCH_USER_PATHS = NO;
				CLANG_CXX_LANGUAGE_STANDARD = "gnu++0x";
				CLANG_CXX_LIBRARY = "libc++";
				CLANG_ENABLE_MODULES = YES;
				CLANG_ENABLE_OBJC_ARC = YES;
				CLANG_WARN_BOOL_CONVERSION = YES;
				CLANG_WARN_CONSTANT_CONVERSION = YES;
				CLANG_WARN_DIRECT_OBJC_ISA_USAGE = YES_ERROR;
				CLANG_WARN_EMPTY_BODY = YES;
				CLANG_WARN_ENUM_CONVERSION = YES;
				CLANG_WARN_INT_CONVERSION = YES;
				CLANG_WARN_OBJC_ROOT_CLASS = YES_ERROR;
				CLANG_WARN_UNREACHABLE_CODE = YES;
				CLANG_WARN__DUPLICATE_METHOD_MATCH = YES;
				"CODE_SIGN_IDENTITY[sdk=iphoneos*]" = "iPhone Developer";
				COPY_PHASE_STRIP = NO;
				DEBUG_INFORMATION_FORMAT = "dwarf-with-dsym";
				ENABLE_NS_ASSERTIONS = NO;
				ENABLE_STRICT_OBJC_MSGSEND = YES;
				GCC_C_LANGUAGE_STANDARD = gnu99;
				GCC_NO_COMMON_BLOCKS = YES;
				GCC_WARN_64_TO_32_BIT_CONVERSION = YES;
				GCC_WARN_ABOUT_RETURN_TYPE = YES_ERROR;
				GCC_WARN_UNDECLARED_SELECTOR = YES;
				GCC_WARN_UNINITIALIZED_AUTOS = YES_AGGRESSIVE;
				GCC_WARN_UNUSED_FUNCTION = YES;
				GCC_WARN_UNUSED_VARIABLE = YES;
				IPHONEOS_DEPLOYMENT_TARGET = 9.2;
				MTL_ENABLE_DEBUG_INFO = NO;
				SDKROOT = iphoneos;
				TARGETED_DEVICE_FAMILY = "1,2";
				VALIDATE_PRODUCT = YES;
			};
			name = Release;
		};
		8500F7031C970F1C00C69875 /* Debug */ = {
			isa = XCBuildConfiguration;
			buildSettings = {
				ASSETCATALOG_COMPILER_APPICON_NAME = AppIcon;
				INFOPLIST_FILE = StoreIt/Info.plist;
				LD_RUNPATH_SEARCH_PATHS = "$(inherited) @executable_path/Frameworks";
				PRODUCT_BUNDLE_IDENTIFIER = fr.StoreIt;
				PRODUCT_NAME = "$(TARGET_NAME)";
			};
			name = Debug;
		};
		8500F7041C970F1C00C69875 /* Release */ = {
			isa = XCBuildConfiguration;
			buildSettings = {
				ASSETCATALOG_COMPILER_APPICON_NAME = AppIcon;
				INFOPLIST_FILE = StoreIt/Info.plist;
				LD_RUNPATH_SEARCH_PATHS = "$(inherited) @executable_path/Frameworks";
				PRODUCT_BUNDLE_IDENTIFIER = fr.StoreIt;
				PRODUCT_NAME = "$(TARGET_NAME)";
			};
			name = Release;
		};
		8500F7061C970F1C00C69875 /* Debug */ = {
			isa = XCBuildConfiguration;
			buildSettings = {
				BUNDLE_LOADER = "$(TEST_HOST)";
				INFOPLIST_FILE = StoreItTests/Info.plist;
				LD_RUNPATH_SEARCH_PATHS = "$(inherited) @executable_path/Frameworks @loader_path/Frameworks";
				PRODUCT_BUNDLE_IDENTIFIER = fr.StoreItTests;
				PRODUCT_NAME = "$(TARGET_NAME)";
				TEST_HOST = "$(BUILT_PRODUCTS_DIR)/StoreIt.app/StoreIt";
			};
			name = Debug;
		};
		8500F7071C970F1C00C69875 /* Release */ = {
			isa = XCBuildConfiguration;
			buildSettings = {
				BUNDLE_LOADER = "$(TEST_HOST)";
				INFOPLIST_FILE = StoreItTests/Info.plist;
				LD_RUNPATH_SEARCH_PATHS = "$(inherited) @executable_path/Frameworks @loader_path/Frameworks";
				PRODUCT_BUNDLE_IDENTIFIER = fr.StoreItTests;
				PRODUCT_NAME = "$(TARGET_NAME)";
				TEST_HOST = "$(BUILT_PRODUCTS_DIR)/StoreIt.app/StoreIt";
			};
			name = Release;
		};
		8500F7091C970F1C00C69875 /* Debug */ = {
			isa = XCBuildConfiguration;
			buildSettings = {
				INFOPLIST_FILE = StoreItUITests/Info.plist;
				LD_RUNPATH_SEARCH_PATHS = "$(inherited) @executable_path/Frameworks @loader_path/Frameworks";
				PRODUCT_BUNDLE_IDENTIFIER = fr.StoreItUITests;
				PRODUCT_NAME = "$(TARGET_NAME)";
				TEST_TARGET_NAME = StoreIt;
				USES_XCTRUNNER = YES;
			};
			name = Debug;
		};
		8500F70A1C970F1C00C69875 /* Release */ = {
			isa = XCBuildConfiguration;
			buildSettings = {
				INFOPLIST_FILE = StoreItUITests/Info.plist;
				LD_RUNPATH_SEARCH_PATHS = "$(inherited) @executable_path/Frameworks @loader_path/Frameworks";
				PRODUCT_BUNDLE_IDENTIFIER = fr.StoreItUITests;
				PRODUCT_NAME = "$(TARGET_NAME)";
				TEST_TARGET_NAME = StoreIt;
				USES_XCTRUNNER = YES;
			};
			name = Release;
		};
/* End XCBuildConfiguration section */

/* Begin XCConfigurationList section */
		8500F6D51C970F1C00C69875 /* Build configuration list for PBXProject "StoreIt" */ = {
			isa = XCConfigurationList;
			buildConfigurations = (
				8500F7001C970F1C00C69875 /* Debug */,
				8500F7011C970F1C00C69875 /* Release */,
			);
			defaultConfigurationIsVisible = 0;
			defaultConfigurationName = Release;
		};
		8500F7021C970F1C00C69875 /* Build configuration list for PBXNativeTarget "StoreIt" */ = {
			isa = XCConfigurationList;
			buildConfigurations = (
				8500F7031C970F1C00C69875 /* Debug */,
				8500F7041C970F1C00C69875 /* Release */,
			);
			defaultConfigurationIsVisible = 0;
		};
		8500F7051C970F1C00C69875 /* Build configuration list for PBXNativeTarget "StoreItTests" */ = {
			isa = XCConfigurationList;
			buildConfigurations = (
				8500F7061C970F1C00C69875 /* Debug */,
				8500F7071C970F1C00C69875 /* Release */,
			);
			defaultConfigurationIsVisible = 0;
		};
		8500F7081C970F1C00C69875 /* Build configuration list for PBXNativeTarget "StoreItUITests" */ = {
			isa = XCConfigurationList;
			buildConfigurations = (
				8500F7091C970F1C00C69875 /* Debug */,
				8500F70A1C970F1C00C69875 /* Release */,
			);
			defaultConfigurationIsVisible = 0;
		};
/* End XCConfigurationList section */
	};
	rootObject = 8500F6D21C970F1C00C69875 /* Project object */;
}
